Microsoft Visual Studio Solution File, Format Version 12.00
# Visual Studio Version 17
VisualStudioVersion = 17.5.2.0
MinimumVisualStudioVersion = 10.0.40219.1
Project("{2150E333-8FDC-42A3-9474-1A3956D46DE8}") = "Backend", "Backend", "{1AE8ACA6-933B-BF2A-3671-3E2EAC007D16}"
EndProject
Project("{FAE04EC0-301F-11D3-BF4B-00C04F79EFBC}") = "AgileShop", "Backend\AgileShop\AgileShop.csproj", "{DC7C4562-5D9A-708A-D29F-5CC6ABD78D96}"
EndProject
Global
	GlobalSection(SolutionConfigurationPlatforms) = preSolution
		Debug|Any CPU = Debug|Any CPU
		Release|Any CPU = Release|Any CPU
	EndGlobalSection
	GlobalSection(ProjectConfigurationPlatforms) = postSolution
		{DC7C4562-5D9A-708A-D29F-5CC6ABD78D96}.Debug|Any CPU.ActiveCfg = Debug|Any CPU
		{DC7C4562-5D9A-708A-D29F-5CC6ABD78D96}.Debug|Any CPU.Build.0 = Debug|Any CPU
		{DC7C4562-5D9A-708A-D29F-5CC6ABD78D96}.Release|Any CPU.ActiveCfg = Release|Any CPU
		{DC7C4562-5D9A-708A-D29F-5CC6ABD78D96}.Release|Any CPU.Build.0 = Release|Any CPU
	EndGlobalSection
	GlobalSection(SolutionProperties) = preSolution
		HideSolutionNode = FALSE
	EndGlobalSection
	GlobalSection(NestedProjects) = preSolution
		{DC7C4562-5D9A-708A-D29F-5CC6ABD78D96} = {1AE8ACA6-933B-BF2A-3671-3E2EAC007D16}
	EndGlobalSection
	GlobalSection(ExtensibilityGlobals) = postSolution
		SolutionGuid = {8B3DDB02-2C32-4BBD-B9CE-AA4291FC1989}
	EndGlobalSection
EndGlobal
